
Microsoft Visual Studio Solution File, Format Version 12.00
# Visual Studio Version 16
VisualStudioVersion = 16.0.32510.428
MinimumVisualStudioVersion = 10.0.40219.1
Project("{FAE04EC0-301F-11D3-BF4B-00C04F79EFBC}") = "urunKatalog4", "urunKatalog4\urunKatalog4.csproj", "{B9C635C9-D11A-44AD-AD68-7E3C8475BC4C}"
EndProject
Global
	GlobalSection(SolutionConfigurationPlatforms) = preSolution
		Debug|Any CPU = Debug|Any CPU
		Release|Any CPU = Release|Any CPU
	EndGlobalSection
	GlobalSection(ProjectConfigurationPlatforms) = postSolution
		{B9C635C9-D11A-44AD-AD68-7E3C8475BC4C}.Debug|Any CPU.ActiveCfg = Debug|Any CPU
		{B9C635C9-D11A-44AD-AD68-7E3C8475BC4C}.Debug|Any CPU.Build.0 = Debug|Any CPU
		{B9C635C9-D11A-44AD-AD68-7E3C8475BC4C}.Release|Any CPU.ActiveCfg = Release|Any CPU
		{B9C635C9-D11A-44AD-AD68-7E3C8475BC4C}.Release|Any CPU.Build.0 = Release|Any CPU
	EndGlobalSection
	GlobalSection(SolutionProperties) = preSolution
		HideSolutionNode = FALSE
	EndGlobalSection
	GlobalSection(ExtensibilityGlobals) = postSolution
		SolutionGuid = {DE6BB591-10B1-437A-B999-21E7A7FEF271}
	EndGlobalSection
EndGlobal
